
Microsoft Visual Studio Solution File, Format Version 12.00
# Visual Studio Version 16
VisualStudioVersion = 16.0.29806.167
MinimumVisualStudioVersion = 10.0.40219.1
Project("{FAE04EC0-301F-11D3-BF4B-00C04F79EFBC}") = "JasonClass", "JasonClass\JasonClass.csproj", "{54B12F33-BC53-40FA-943D-A5F94550269C}"
EndProject
Global
	GlobalSection(SolutionConfigurationPlatforms) = preSolution
		Debug|Any CPU = Debug|Any CPU
		Release|Any CPU = Release|Any CPU
	EndGlobalSection
	GlobalSection(ProjectConfigurationPlatforms) = postSolution
		{54B12F33-BC53-40FA-943D-A5F94550269C}.Debug|Any CPU.ActiveCfg = Debug|Any CPU
		{54B12F33-BC53-40FA-943D-A5F94550269C}.Debug|Any CPU.Build.0 = Debug|Any CPU
		{54B12F33-BC53-40FA-943D-A5F94550269C}.Release|Any CPU.ActiveCfg = Release|Any CPU
		{54B12F33-BC53-40FA-943D-A5F94550269C}.Release|Any CPU.Build.0 = Release|Any CPU
	EndGlobalSection
	GlobalSection(SolutionProperties) = preSolution
		HideSolutionNode = FALSE
	EndGlobalSection
	GlobalSection(ExtensibilityGlobals) = postSolution
		SolutionGuid = {E285DDCC-808F-4F1D-BA60-9D9F468CB640}
	EndGlobalSection
EndGlobal
